
Microsoft Visual Studio Solution File, Format Version 12.00
# Visual Studio 15
VisualStudioVersion = 15.0.28010.2036
MinimumVisualStudioVersion = 10.0.40219.1
Project("{FAE04EC0-301F-11D3-BF4B-00C04F79EFBC}") = "VectorEditor", "VectorEditor\VectorEditor.csproj", "{C2CC4313-8488-406B-AB85-7B5F6E5175DB}"
EndProject
Global
	GlobalSection(SolutionConfigurationPlatforms) = preSolution
		Debug|Any CPU = Debug|Any CPU
		Release|Any CPU = Release|Any CPU
	EndGlobalSection
	GlobalSection(ProjectConfigurationPlatforms) = postSolution
		{C2CC4313-8488-406B-AB85-7B5F6E5175DB}.Debug|Any CPU.ActiveCfg = Debug|Any CPU
		{C2CC4313-8488-406B-AB85-7B5F6E5175DB}.Debug|Any CPU.Build.0 = Debug|Any CPU
		{C2CC4313-8488-406B-AB85-7B5F6E5175DB}.Release|Any CPU.ActiveCfg = Release|Any CPU
		{C2CC4313-8488-406B-AB85-7B5F6E5175DB}.Release|Any CPU.Build.0 = Release|Any CPU
	EndGlobalSection
	GlobalSection(SolutionProperties) = preSolution
		HideSolutionNode = FALSE
	EndGlobalSection
	GlobalSection(ExtensibilityGlobals) = postSolution
		SolutionGuid = {F1CBA6F4-18B2-49AC-A39A-28B47814A604}
	EndGlobalSection
EndGlobal
